
Microsoft Visual Studio Solution File, Format Version 12.00
# Visual Studio Version 16
VisualStudioVersion = 16.0.31402.337
MinimumVisualStudioVersion = 10.0.40219.1
Project("{FAE04EC0-301F-11D3-BF4B-00C04F79EFBC}") = "DataStructuresInCSLib", "DataStructuresInCS\DataStructuresInCSLib.csproj", "{AB811CF8-387B-484E-9C33-24975F12B147}"
EndProject
Project("{FAE04EC0-301F-11D3-BF4B-00C04F79EFBC}") = "DataStructuresInCS", "DataStructuresInCSConsole\DataStructuresInCS.csproj", "{91D00BE2-24A9-457C-8C59-AA18AFA640D5}"
EndProject
Global
	GlobalSection(SolutionConfigurationPlatforms) = preSolution
		Debug|Any CPU = Debug|Any CPU
		Release|Any CPU = Release|Any CPU
	EndGlobalSection
	GlobalSection(ProjectConfigurationPlatforms) = postSolution
		{AB811CF8-387B-484E-9C33-24975F12B147}.Debug|Any CPU.ActiveCfg = Debug|Any CPU
		{AB811CF8-387B-484E-9C33-24975F12B147}.Debug|Any CPU.Build.0 = Debug|Any CPU
		{AB811CF8-387B-484E-9C33-24975F12B147}.Release|Any CPU.ActiveCfg = Release|Any CPU
		{AB811CF8-387B-484E-9C33-24975F12B147}.Release|Any CPU.Build.0 = Release|Any CPU
		{91D00BE2-24A9-457C-8C59-AA18AFA640D5}.Debug|Any CPU.ActiveCfg = Debug|Any CPU
		{91D00BE2-24A9-457C-8C59-AA18AFA640D5}.Debug|Any CPU.Build.0 = Debug|Any CPU
		{91D00BE2-24A9-457C-8C59-AA18AFA640D5}.Release|Any CPU.ActiveCfg = Release|Any CPU
		{91D00BE2-24A9-457C-8C59-AA18AFA640D5}.Release|Any CPU.Build.0 = Release|Any CPU
	EndGlobalSection
	GlobalSection(SolutionProperties) = preSolution
		HideSolutionNode = FALSE
	EndGlobalSection
	GlobalSection(ExtensibilityGlobals) = postSolution
		SolutionGuid = {460934EE-ABAF-4B37-BE75-A991A281869A}
	EndGlobalSection
EndGlobal
